
Microsoft Visual Studio Solution File, Format Version 12.00
# Visual Studio Version 17
VisualStudioVersion = 17.13.35913.81 d17.13
MinimumVisualStudioVersion = 10.0.40219.1
Project("{FAE04EC0-301F-11D3-BF4B-00C04F79EFBC}") = "CSHARP31", "CSHARP31.csproj", "{4862512A-13F4-44A7-98ED-2F5FE5D12593}"
EndProject
Global
	GlobalSection(SolutionConfigurationPlatforms) = preSolution
		Debug|Any CPU = Debug|Any CPU
		Release|Any CPU = Release|Any CPU
	EndGlobalSection
	GlobalSection(ProjectConfigurationPlatforms) = postSolution
		{4862512A-13F4-44A7-98ED-2F5FE5D12593}.Debug|Any CPU.ActiveCfg = Debug|Any CPU
		{4862512A-13F4-44A7-98ED-2F5FE5D12593}.Debug|Any CPU.Build.0 = Debug|Any CPU
		{4862512A-13F4-44A7-98ED-2F5FE5D12593}.Release|Any CPU.ActiveCfg = Release|Any CPU
		{4862512A-13F4-44A7-98ED-2F5FE5D12593}.Release|Any CPU.Build.0 = Release|Any CPU
	EndGlobalSection
	GlobalSection(SolutionProperties) = preSolution
		HideSolutionNode = FALSE
	EndGlobalSection
	GlobalSection(ExtensibilityGlobals) = postSolution
		SolutionGuid = {9FD97BA9-0DB2-4500-A08B-F9C448A7D5F6}
	EndGlobalSection
EndGlobal
