
Microsoft Visual Studio Solution File, Format Version 12.00
# Visual Studio Version 17
VisualStudioVersion = 17.13.35913.81 d17.13
MinimumVisualStudioVersion = 10.0.40219.1
Project("{FAE04EC0-301F-11D3-BF4B-00C04F79EFBC}") = "Semester6Opdrachten", "Semester6Opdrachten.csproj", "{D0348D2A-90AD-4D0F-8712-007D7025BB02}"
EndProject
Global
	GlobalSection(SolutionConfigurationPlatforms) = preSolution
		Debug|Any CPU = Debug|Any CPU
		Release|Any CPU = Release|Any CPU
	EndGlobalSection
	GlobalSection(ProjectConfigurationPlatforms) = postSolution
		{D0348D2A-90AD-4D0F-8712-007D7025BB02}.Debug|Any CPU.ActiveCfg = Debug|Any CPU
		{D0348D2A-90AD-4D0F-8712-007D7025BB02}.Debug|Any CPU.Build.0 = Debug|Any CPU
		{D0348D2A-90AD-4D0F-8712-007D7025BB02}.Release|Any CPU.ActiveCfg = Release|Any CPU
		{D0348D2A-90AD-4D0F-8712-007D7025BB02}.Release|Any CPU.Build.0 = Release|Any CPU
	EndGlobalSection
	GlobalSection(SolutionProperties) = preSolution
		HideSolutionNode = FALSE
	EndGlobalSection
	GlobalSection(ExtensibilityGlobals) = postSolution
		SolutionGuid = {EE648DF1-293D-476B-876D-DAC9CA44255D}
	EndGlobalSection
EndGlobal
